
Microsoft Visual Studio Solution File, Format Version 12.00
# Visual Studio 15
VisualStudioVersion = 15.0.28307.645
MinimumVisualStudioVersion = 10.0.40219.1
Project("{FAE04EC0-301F-11D3-BF4B-00C04F79EFBC}") = "CC1", "CC1\CC1.csproj", "{1B2CBD80-283B-445C-BCDE-9F62A2FDE5CE}"
EndProject
Global
	GlobalSection(SolutionConfigurationPlatforms) = preSolution
		Debug|Any CPU = Debug|Any CPU
		Release|Any CPU = Release|Any CPU
	EndGlobalSection
	GlobalSection(ProjectConfigurationPlatforms) = postSolution
		{1B2CBD80-283B-445C-BCDE-9F62A2FDE5CE}.Debug|Any CPU.ActiveCfg = Debug|Any CPU
		{1B2CBD80-283B-445C-BCDE-9F62A2FDE5CE}.Debug|Any CPU.Build.0 = Debug|Any CPU
		{1B2CBD80-283B-445C-BCDE-9F62A2FDE5CE}.Release|Any CPU.ActiveCfg = Release|Any CPU
		{1B2CBD80-283B-445C-BCDE-9F62A2FDE5CE}.Release|Any CPU.Build.0 = Release|Any CPU
	EndGlobalSection
	GlobalSection(SolutionProperties) = preSolution
		HideSolutionNode = FALSE
	EndGlobalSection
	GlobalSection(ExtensibilityGlobals) = postSolution
		SolutionGuid = {209E5F55-F109-44B7-BEE8-1DFEA87EE481}
	EndGlobalSection
EndGlobal
